
Microsoft Visual Studio Solution File, Format Version 12.00
# Visual Studio Version 17
VisualStudioVersion = 17.14.37012.4 d17.14
MinimumVisualStudioVersion = 10.0.40219.1
Project("{FAE04EC0-301F-11D3-BF4B-00C04F79EFBC}") = "BookStoreApp", "BookStoreApp.csproj", "{863A5F15-4F12-452F-B540-E0ED2DABD16B}"
EndProject
Global
	GlobalSection(SolutionConfigurationPlatforms) = preSolution
		Debug|Any CPU = Debug|Any CPU
		Release|Any CPU = Release|Any CPU
	EndGlobalSection
	GlobalSection(ProjectConfigurationPlatforms) = postSolution
		{863A5F15-4F12-452F-B540-E0ED2DABD16B}.Debug|Any CPU.ActiveCfg = Debug|Any CPU
		{863A5F15-4F12-452F-B540-E0ED2DABD16B}.Debug|Any CPU.Build.0 = Debug|Any CPU
		{863A5F15-4F12-452F-B540-E0ED2DABD16B}.Release|Any CPU.ActiveCfg = Release|Any CPU
		{863A5F15-4F12-452F-B540-E0ED2DABD16B}.Release|Any CPU.Build.0 = Release|Any CPU
	EndGlobalSection
	GlobalSection(SolutionProperties) = preSolution
		HideSolutionNode = FALSE
	EndGlobalSection
	GlobalSection(ExtensibilityGlobals) = postSolution
		SolutionGuid = {FF2C139D-BD9B-4C6C-B956-1914D9CB5A56}
	EndGlobalSection
EndGlobal
